{
  "name": "tutorial-workspace",
  "version": "1.0.0",
  "lockfileVersion": 1,
  "requires": true,
  "dependencies": {
    "octopus": {
      "version": "git+http://github.com/privatesky/octopus.git#838d498ab75a743160a3756ec459d21f1803584d",
      "from": "git+http://github.com/privatesky/octopus.git"
    }
  }
}
