{
  "name": "tutorial-workspace",
  "version": "1.0.0",
  "lockfileVersion": 1,
  "requires": true,
  "dependencies": {
    "octopus": {
      "version": "git+http://github.com/privatesky/octopus.git#03c7ca5ad4ccdfa6ee4d5cd0e3d609d463914717",
      "from": "git+http://github.com/privatesky/octopus.git#1.0.5"
    }
  }
}
